
Microsoft Visual Studio Solution File, Format Version 12.00
# Visual Studio 2013
VisualStudioVersion = 12.0.40629.0
MinimumVisualStudioVersion = 10.0.40219.1
Project("{6989167D-11E4-40FE-8C1A-2192A86A7E90}") = "ConsoleFortran", "ConsoleFortran\ConsoleFortran.vfproj", "{2F5089E7-8DBB-4205-990B-E43FF08BF748}"
EndProject
Global
	GlobalSection(SolutionConfigurationPlatforms) = preSolution
		Debug|Win32 = Debug|Win32
		Release|Win32 = Release|Win32
	EndGlobalSection
	GlobalSection(ProjectConfigurationPlatforms) = postSolution
		{2F5089E7-8DBB-4205-990B-E43FF08BF748}.Debug|Win32.ActiveCfg = Debug|Win32
		{2F5089E7-8DBB-4205-990B-E43FF08BF748}.Debug|Win32.Build.0 = Debug|Win32
		{2F5089E7-8DBB-4205-990B-E43FF08BF748}.Release|Win32.ActiveCfg = Release|Win32
		{2F5089E7-8DBB-4205-990B-E43FF08BF748}.Release|Win32.Build.0 = Release|Win32
	EndGlobalSection
	GlobalSection(SolutionProperties) = preSolution
		HideSolutionNode = FALSE
	EndGlobalSection
EndGlobal
